
Microsoft Visual Studio Solution File, Format Version 12.00
# Visual Studio Version 16
VisualStudioVersion = 16.0.30717.126
MinimumVisualStudioVersion = 10.0.40219.1
Project("{FAE04EC0-301F-11D3-BF4B-00C04F79EFBC}") = "WpfGameApp", "WpfGameApp\WpfGameApp.csproj", "{CE956948-E925-47EC-B88C-46D4131C210C}"
EndProject
Global
	GlobalSection(SolutionConfigurationPlatforms) = preSolution
		Debug|Any CPU = Debug|Any CPU
		Release|Any CPU = Release|Any CPU
	EndGlobalSection
	GlobalSection(ProjectConfigurationPlatforms) = postSolution
		{CE956948-E925-47EC-B88C-46D4131C210C}.Debug|Any CPU.ActiveCfg = Debug|Any CPU
		{CE956948-E925-47EC-B88C-46D4131C210C}.Debug|Any CPU.Build.0 = Debug|Any CPU
		{CE956948-E925-47EC-B88C-46D4131C210C}.Release|Any CPU.ActiveCfg = Release|Any CPU
		{CE956948-E925-47EC-B88C-46D4131C210C}.Release|Any CPU.Build.0 = Release|Any CPU
	EndGlobalSection
	GlobalSection(SolutionProperties) = preSolution
		HideSolutionNode = FALSE
	EndGlobalSection
	GlobalSection(ExtensibilityGlobals) = postSolution
		SolutionGuid = {C5FE6C9D-D6CF-4336-A27E-965305F0F818}
	EndGlobalSection
EndGlobal
